
Microsoft Visual Studio Solution File, Format Version 12.00
# Visual Studio Version 17
VisualStudioVersion = 17.0.31903.59
MinimumVisualStudioVersion = 10.0.40219.1
Project("{FAE04EC0-301F-11D3-BF4B-00C04F79EFBC}") = "API", "API\API.csproj", "{03100BC7-FD37-4981-900E-0BDBE0F4CE5A}"
EndProject
Project("{FAE04EC0-301F-11D3-BF4B-00C04F79EFBC}") = "Core", "Core\Core.csproj", "{035DBB3E-4C68-4AAB-89E9-C37968231F29}"
EndProject
Project("{FAE04EC0-301F-11D3-BF4B-00C04F79EFBC}") = "Infrastructure", "Infrastructure\Infrastructure.csproj", "{6F949D73-8D00-422E-984D-BA3083F760C5}"
EndProject
Global
	GlobalSection(SolutionConfigurationPlatforms) = preSolution
		Debug|Any CPU = Debug|Any CPU
		Release|Any CPU = Release|Any CPU
	EndGlobalSection
	GlobalSection(SolutionProperties) = preSolution
		HideSolutionNode = FALSE
	EndGlobalSection
	GlobalSection(ProjectConfigurationPlatforms) = postSolution
		{03100BC7-FD37-4981-900E-0BDBE0F4CE5A}.Debug|Any CPU.ActiveCfg = Debug|Any CPU
		{03100BC7-FD37-4981-900E-0BDBE0F4CE5A}.Debug|Any CPU.Build.0 = Debug|Any CPU
		{03100BC7-FD37-4981-900E-0BDBE0F4CE5A}.Release|Any CPU.ActiveCfg = Release|Any CPU
		{03100BC7-FD37-4981-900E-0BDBE0F4CE5A}.Release|Any CPU.Build.0 = Release|Any CPU
		{035DBB3E-4C68-4AAB-89E9-C37968231F29}.Debug|Any CPU.ActiveCfg = Debug|Any CPU
		{035DBB3E-4C68-4AAB-89E9-C37968231F29}.Debug|Any CPU.Build.0 = Debug|Any CPU
		{035DBB3E-4C68-4AAB-89E9-C37968231F29}.Release|Any CPU.ActiveCfg = Release|Any CPU
		{035DBB3E-4C68-4AAB-89E9-C37968231F29}.Release|Any CPU.Build.0 = Release|Any CPU
		{6F949D73-8D00-422E-984D-BA3083F760C5}.Debug|Any CPU.ActiveCfg = Debug|Any CPU
		{6F949D73-8D00-422E-984D-BA3083F760C5}.Debug|Any CPU.Build.0 = Debug|Any CPU
		{6F949D73-8D00-422E-984D-BA3083F760C5}.Release|Any CPU.ActiveCfg = Release|Any CPU
		{6F949D73-8D00-422E-984D-BA3083F760C5}.Release|Any CPU.Build.0 = Release|Any CPU
	EndGlobalSection
EndGlobal
